
Microsoft Visual Studio Solution File, Format Version 12.00
# Visual Studio 14
VisualStudioVersion = 14.0.23107.0
MinimumVisualStudioVersion = 10.0.40219.1
Project("{FAE04EC0-301F-11D3-BF4B-00C04F79EFBC}") = "UltimateHelloWorldServer", "UltimateHelloWorldServer\UltimateHelloWorldServer.csproj", "{FE2AB695-8964-4E29-B1B5-7F20D35716AA}"
EndProject
Project("{FAE04EC0-301F-11D3-BF4B-00C04F79EFBC}") = "HelloWorldInitiator", "HelloWorldInitiator\HelloWorldInitiator.csproj", "{A08D8D7B-2835-4E65-82C5-4B6155DC20ED}"
EndProject
Project("{FAE04EC0-301F-11D3-BF4B-00C04F79EFBC}") = "Messages", "Messages\Messages.csproj", "{125FEBB9-4AC3-4C4E-99B1-7886771A4A58}"
EndProject
Global
	GlobalSection(SolutionConfigurationPlatforms) = preSolution
		Debug|Any CPU = Debug|Any CPU
		Debug|ARM = Debug|ARM
		Debug|x64 = Debug|x64
		Debug|x86 = Debug|x86
		Release|Any CPU = Release|Any CPU
		Release|ARM = Release|ARM
		Release|x64 = Release|x64
		Release|x86 = Release|x86
	EndGlobalSection
	GlobalSection(ProjectConfigurationPlatforms) = postSolution
		{FE2AB695-8964-4E29-B1B5-7F20D35716AA}.Debug|Any CPU.ActiveCfg = Debug|Any CPU
		{FE2AB695-8964-4E29-B1B5-7F20D35716AA}.Debug|Any CPU.Build.0 = Debug|Any CPU
		{FE2AB695-8964-4E29-B1B5-7F20D35716AA}.Debug|ARM.ActiveCfg = Debug|Any CPU
		{FE2AB695-8964-4E29-B1B5-7F20D35716AA}.Debug|ARM.Build.0 = Debug|Any CPU
		{FE2AB695-8964-4E29-B1B5-7F20D35716AA}.Debug|x64.ActiveCfg = Debug|Any CPU
		{FE2AB695-8964-4E29-B1B5-7F20D35716AA}.Debug|x64.Build.0 = Debug|Any CPU
		{FE2AB695-8964-4E29-B1B5-7F20D35716AA}.Debug|x86.ActiveCfg = Debug|Any CPU
		{FE2AB695-8964-4E29-B1B5-7F20D35716AA}.Debug|x86.Build.0 = Debug|Any CPU
		{FE2AB695-8964-4E29-B1B5-7F20D35716AA}.Release|Any CPU.ActiveCfg = Release|Any CPU
		{FE2AB695-8964-4E29-B1B5-7F20D35716AA}.Release|Any CPU.Build.0 = Release|Any CPU
		{FE2AB695-8964-4E29-B1B5-7F20D35716AA}.Release|ARM.ActiveCfg = Release|Any CPU
		{FE2AB695-8964-4E29-B1B5-7F20D35716AA}.Release|ARM.Build.0 = Release|Any CPU
		{FE2AB695-8964-4E29-B1B5-7F20D35716AA}.Release|x64.ActiveCfg = Release|Any CPU
		{FE2AB695-8964-4E29-B1B5-7F20D35716AA}.Release|x64.Build.0 = Release|Any CPU
		{FE2AB695-8964-4E29-B1B5-7F20D35716AA}.Release|x86.ActiveCfg = Release|Any CPU
		{FE2AB695-8964-4E29-B1B5-7F20D35716AA}.Release|x86.Build.0 = Release|Any CPU
		{A08D8D7B-2835-4E65-82C5-4B6155DC20ED}.Debug|Any CPU.ActiveCfg = Debug|Any CPU
		{A08D8D7B-2835-4E65-82C5-4B6155DC20ED}.Debug|Any CPU.Build.0 = Debug|Any CPU
		{A08D8D7B-2835-4E65-82C5-4B6155DC20ED}.Debug|ARM.ActiveCfg = Debug|Any CPU
		{A08D8D7B-2835-4E65-82C5-4B6155DC20ED}.Debug|ARM.Build.0 = Debug|Any CPU
		{A08D8D7B-2835-4E65-82C5-4B6155DC20ED}.Debug|x64.ActiveCfg = Debug|Any CPU
		{A08D8D7B-2835-4E65-82C5-4B6155DC20ED}.Debug|x64.Build.0 = Debug|Any CPU
		{A08D8D7B-2835-4E65-82C5-4B6155DC20ED}.Debug|x86.ActiveCfg = Debug|Any CPU
		{A08D8D7B-2835-4E65-82C5-4B6155DC20ED}.Debug|x86.Build.0 = Debug|Any CPU
		{A08D8D7B-2835-4E65-82C5-4B6155DC20ED}.Release|Any CPU.ActiveCfg = Release|Any CPU
		{A08D8D7B-2835-4E65-82C5-4B6155DC20ED}.Release|Any CPU.Build.0 = Release|Any CPU
		{A08D8D7B-2835-4E65-82C5-4B6155DC20ED}.Release|ARM.ActiveCfg = Release|Any CPU
		{A08D8D7B-2835-4E65-82C5-4B6155DC20ED}.Release|ARM.Build.0 = Release|Any CPU
		{A08D8D7B-2835-4E65-82C5-4B6155DC20ED}.Release|x64.ActiveCfg = Release|Any CPU
		{A08D8D7B-2835-4E65-82C5-4B6155DC20ED}.Release|x64.Build.0 = Release|Any CPU
		{A08D8D7B-2835-4E65-82C5-4B6155DC20ED}.Release|x86.ActiveCfg = Release|Any CPU
		{A08D8D7B-2835-4E65-82C5-4B6155DC20ED}.Release|x86.Build.0 = Release|Any CPU
		{125FEBB9-4AC3-4C4E-99B1-7886771A4A58}.Debug|Any CPU.ActiveCfg = Debug|Any CPU
		{125FEBB9-4AC3-4C4E-99B1-7886771A4A58}.Debug|Any CPU.Build.0 = Debug|Any CPU
		{125FEBB9-4AC3-4C4E-99B1-7886771A4A58}.Debug|ARM.ActiveCfg = Debug|Any CPU
		{125FEBB9-4AC3-4C4E-99B1-7886771A4A58}.Debug|ARM.Build.0 = Debug|Any CPU
		{125FEBB9-4AC3-4C4E-99B1-7886771A4A58}.Debug|x64.ActiveCfg = Debug|Any CPU
		{125FEBB9-4AC3-4C4E-99B1-7886771A4A58}.Debug|x64.Build.0 = Debug|Any CPU
		{125FEBB9-4AC3-4C4E-99B1-7886771A4A58}.Debug|x86.ActiveCfg = Debug|Any CPU
		{125FEBB9-4AC3-4C4E-99B1-7886771A4A58}.Debug|x86.Build.0 = Debug|Any CPU
		{125FEBB9-4AC3-4C4E-99B1-7886771A4A58}.Release|Any CPU.ActiveCfg = Release|Any CPU
		{125FEBB9-4AC3-4C4E-99B1-7886771A4A58}.Release|Any CPU.Build.0 = Release|Any CPU
		{125FEBB9-4AC3-4C4E-99B1-7886771A4A58}.Release|ARM.ActiveCfg = Release|Any CPU
		{125FEBB9-4AC3-4C4E-99B1-7886771A4A58}.Release|ARM.Build.0 = Release|Any CPU
		{125FEBB9-4AC3-4C4E-99B1-7886771A4A58}.Release|x64.ActiveCfg = Release|Any CPU
		{125FEBB9-4AC3-4C4E-99B1-7886771A4A58}.Release|x64.Build.0 = Release|Any CPU
		{125FEBB9-4AC3-4C4E-99B1-7886771A4A58}.Release|x86.ActiveCfg = Release|Any CPU
		{125FEBB9-4AC3-4C4E-99B1-7886771A4A58}.Release|x86.Build.0 = Release|Any CPU
	EndGlobalSection
	GlobalSection(SolutionProperties) = preSolution
		HideSolutionNode = FALSE
	EndGlobalSection
	GlobalSection(CodealikeProperties) = postSolution
		SolutionGuid = 60788a10-166b-4a79-b8fb-971067a81249
	EndGlobalSection
EndGlobal
